
Microsoft Visual Studio Solution File, Format Version 12.00
# Visual Studio 15
VisualStudioVersion = 15.0.26730.8
MinimumVisualStudioVersion = 10.0.40219.1
Project("{FAE04EC0-301F-11D3-BF4B-00C04F79EFBC}") = "Tydbits.DressingUp", "Tydbits.DressingUp\Tydbits.DressingUp.csproj", "{347B9AE5-7CF0-45C5-9A6B-0162666E166A}"
EndProject
Project("{FAE04EC0-301F-11D3-BF4B-00C04F79EFBC}") = "Tydbits.DressingUp.Test", "Tydbits.DressingUp.Test\Tydbits.DressingUp.Test.csproj", "{577FEEC2-137F-4135-84B6-D167AB905022}"
EndProject
Global
	GlobalSection(SolutionConfigurationPlatforms) = preSolution
		Debug|Any CPU = Debug|Any CPU
		Release|Any CPU = Release|Any CPU
	EndGlobalSection
	GlobalSection(ProjectConfigurationPlatforms) = postSolution
		{347B9AE5-7CF0-45C5-9A6B-0162666E166A}.Debug|Any CPU.ActiveCfg = Debug|Any CPU
		{347B9AE5-7CF0-45C5-9A6B-0162666E166A}.Debug|Any CPU.Build.0 = Debug|Any CPU
		{347B9AE5-7CF0-45C5-9A6B-0162666E166A}.Release|Any CPU.ActiveCfg = Release|Any CPU
		{347B9AE5-7CF0-45C5-9A6B-0162666E166A}.Release|Any CPU.Build.0 = Release|Any CPU
		{577FEEC2-137F-4135-84B6-D167AB905022}.Debug|Any CPU.ActiveCfg = Debug|Any CPU
		{577FEEC2-137F-4135-84B6-D167AB905022}.Debug|Any CPU.Build.0 = Debug|Any CPU
		{577FEEC2-137F-4135-84B6-D167AB905022}.Release|Any CPU.ActiveCfg = Release|Any CPU
		{577FEEC2-137F-4135-84B6-D167AB905022}.Release|Any CPU.Build.0 = Release|Any CPU
	EndGlobalSection
	GlobalSection(SolutionProperties) = preSolution
		HideSolutionNode = FALSE
	EndGlobalSection
	GlobalSection(ExtensibilityGlobals) = postSolution
		SolutionGuid = {73EC24C4-9C0F-4488-86F3-91A733C15245}
	EndGlobalSection
EndGlobal
